
Microsoft Visual Studio Solution File, Format Version 10.00
# Visual Studio 2008
Project("{FAE04EC0-301F-11D3-BF4B-00C04F79EFBC}") = "dotNet_IPC_Client", "dotNet_IPC_Client\dotNet_IPC_Client.csproj", "{C3A7D30B-A0FE-4CF8-A172-3993A66B8BCD}"
EndProject
Project("{FAE04EC0-301F-11D3-BF4B-00C04F79EFBC}") = "RemoteObject_Prj", "RemoteObject_Prj\RemoteObject_Prj.csproj", "{EBE28CF2-F626-486E-87BB-C4AADC43F002}"
EndProject
Global
	GlobalSection(SolutionConfigurationPlatforms) = preSolution
		Debug|Any CPU = Debug|Any CPU
		Release|Any CPU = Release|Any CPU
	EndGlobalSection
	GlobalSection(ProjectConfigurationPlatforms) = postSolution
		{C3A7D30B-A0FE-4CF8-A172-3993A66B8BCD}.Debug|Any CPU.ActiveCfg = Debug|Any CPU
		{C3A7D30B-A0FE-4CF8-A172-3993A66B8BCD}.Debug|Any CPU.Build.0 = Debug|Any CPU
		{C3A7D30B-A0FE-4CF8-A172-3993A66B8BCD}.Release|Any CPU.ActiveCfg = Release|Any CPU
		{C3A7D30B-A0FE-4CF8-A172-3993A66B8BCD}.Release|Any CPU.Build.0 = Release|Any CPU
		{EBE28CF2-F626-486E-87BB-C4AADC43F002}.Debug|Any CPU.ActiveCfg = Debug|Any CPU
		{EBE28CF2-F626-486E-87BB-C4AADC43F002}.Debug|Any CPU.Build.0 = Debug|Any CPU
		{EBE28CF2-F626-486E-87BB-C4AADC43F002}.Release|Any CPU.ActiveCfg = Release|Any CPU
		{EBE28CF2-F626-486E-87BB-C4AADC43F002}.Release|Any CPU.Build.0 = Release|Any CPU
	EndGlobalSection
	GlobalSection(SolutionProperties) = preSolution
		HideSolutionNode = FALSE
	EndGlobalSection
EndGlobal
